
Microsoft Visual Studio Solution File, Format Version 12.00
# Visual Studio Version 17
VisualStudioVersion = 17.13.35931.197
MinimumVisualStudioVersion = 10.0.40219.1
Project("{FAE04EC0-301F-11D3-BF4B-00C04F79EFBC}") = "BinDays.Api", "BinDays.Api\BinDays.Api.csproj", "{A7FF3F79-DE82-4E33-BAB7-C4A37146FDCC}"
EndProject
Project("{FAE04EC0-301F-11D3-BF4B-00C04F79EFBC}") = "BinDays.Api.IntegrationTests", "BinDays.Api.IntegrationTests\BinDays.Api.IntegrationTests.csproj", "{51279BB9-CA16-1AE2-12A3-E011158ABFE9}"
EndProject
Project("{FAE04EC0-301F-11D3-BF4B-00C04F79EFBC}") = "BinDays.Api.Collectors", "BinDays.Api.Collectors\BinDays.Api.Collectors.csproj", "{B29EC5F2-925B-4473-8635-05F9196B81A6}"
EndProject
Global
	GlobalSection(SolutionConfigurationPlatforms) = preSolution
		Debug|Any CPU = Debug|Any CPU
		Debug|x64 = Debug|x64
		Debug|x86 = Debug|x86
		Release|Any CPU = Release|Any CPU
		Release|x64 = Release|x64
		Release|x86 = Release|x86
	EndGlobalSection
	GlobalSection(ProjectConfigurationPlatforms) = postSolution
		{A7FF3F79-DE82-4E33-BAB7-C4A37146FDCC}.Debug|Any CPU.ActiveCfg = Debug|Any CPU
		{A7FF3F79-DE82-4E33-BAB7-C4A37146FDCC}.Debug|Any CPU.Build.0 = Debug|Any CPU
		{A7FF3F79-DE82-4E33-BAB7-C4A37146FDCC}.Debug|x64.ActiveCfg = Debug|Any CPU
		{A7FF3F79-DE82-4E33-BAB7-C4A37146FDCC}.Debug|x64.Build.0 = Debug|Any CPU
		{A7FF3F79-DE82-4E33-BAB7-C4A37146FDCC}.Debug|x86.ActiveCfg = Debug|Any CPU
		{A7FF3F79-DE82-4E33-BAB7-C4A37146FDCC}.Debug|x86.Build.0 = Debug|Any CPU
		{A7FF3F79-DE82-4E33-BAB7-C4A37146FDCC}.Release|Any CPU.ActiveCfg = Release|Any CPU
		{A7FF3F79-DE82-4E33-BAB7-C4A37146FDCC}.Release|Any CPU.Build.0 = Release|Any CPU
		{A7FF3F79-DE82-4E33-BAB7-C4A37146FDCC}.Release|x64.ActiveCfg = Release|Any CPU
		{A7FF3F79-DE82-4E33-BAB7-C4A37146FDCC}.Release|x64.Build.0 = Release|Any CPU
		{A7FF3F79-DE82-4E33-BAB7-C4A37146FDCC}.Release|x86.ActiveCfg = Release|Any CPU
		{A7FF3F79-DE82-4E33-BAB7-C4A37146FDCC}.Release|x86.Build.0 = Release|Any CPU
		{51279BB9-CA16-1AE2-12A3-E011158ABFE9}.Debug|Any CPU.ActiveCfg = Debug|Any CPU
		{51279BB9-CA16-1AE2-12A3-E011158ABFE9}.Debug|Any CPU.Build.0 = Debug|Any CPU
		{51279BB9-CA16-1AE2-12A3-E011158ABFE9}.Debug|x64.ActiveCfg = Debug|Any CPU
		{51279BB9-CA16-1AE2-12A3-E011158ABFE9}.Debug|x64.Build.0 = Debug|Any CPU
		{51279BB9-CA16-1AE2-12A3-E011158ABFE9}.Debug|x86.ActiveCfg = Debug|Any CPU
		{51279BB9-CA16-1AE2-12A3-E011158ABFE9}.Debug|x86.Build.0 = Debug|Any CPU
		{51279BB9-CA16-1AE2-12A3-E011158ABFE9}.Release|Any CPU.ActiveCfg = Release|Any CPU
		{51279BB9-CA16-1AE2-12A3-E011158ABFE9}.Release|Any CPU.Build.0 = Release|Any CPU
		{51279BB9-CA16-1AE2-12A3-E011158ABFE9}.Release|x64.ActiveCfg = Release|Any CPU
		{51279BB9-CA16-1AE2-12A3-E011158ABFE9}.Release|x64.Build.0 = Release|Any CPU
		{51279BB9-CA16-1AE2-12A3-E011158ABFE9}.Release|x86.ActiveCfg = Release|Any CPU
		{51279BB9-CA16-1AE2-12A3-E011158ABFE9}.Release|x86.Build.0 = Release|Any CPU
		{B29EC5F2-925B-4473-8635-05F9196B81A6}.Debug|Any CPU.ActiveCfg = Debug|Any CPU
		{B29EC5F2-925B-4473-8635-05F9196B81A6}.Debug|Any CPU.Build.0 = Debug|Any CPU
		{B29EC5F2-925B-4473-8635-05F9196B81A6}.Debug|x64.ActiveCfg = Debug|Any CPU
		{B29EC5F2-925B-4473-8635-05F9196B81A6}.Debug|x64.Build.0 = Debug|Any CPU
		{B29EC5F2-925B-4473-8635-05F9196B81A6}.Debug|x86.ActiveCfg = Debug|Any CPU
		{B29EC5F2-925B-4473-8635-05F9196B81A6}.Debug|x86.Build.0 = Debug|Any CPU
		{B29EC5F2-925B-4473-8635-05F9196B81A6}.Release|Any CPU.ActiveCfg = Release|Any CPU
		{B29EC5F2-925B-4473-8635-05F9196B81A6}.Release|Any CPU.Build.0 = Release|Any CPU
		{B29EC5F2-925B-4473-8635-05F9196B81A6}.Release|x64.ActiveCfg = Release|Any CPU
		{B29EC5F2-925B-4473-8635-05F9196B81A6}.Release|x64.Build.0 = Release|Any CPU
		{B29EC5F2-925B-4473-8635-05F9196B81A6}.Release|x86.ActiveCfg = Release|Any CPU
		{B29EC5F2-925B-4473-8635-05F9196B81A6}.Release|x86.Build.0 = Release|Any CPU
	EndGlobalSection
	GlobalSection(SolutionProperties) = preSolution
		HideSolutionNode = FALSE
	EndGlobalSection
	GlobalSection(ExtensibilityGlobals) = postSolution
		SolutionGuid = {46254973-BEF7-4A12-ACD1-45CBA3567B0A}
	EndGlobalSection
EndGlobal
